{
	"name": "css-ui-dashboard",
	"version": "1.0.7",
	"lockfileVersion": 1,
	"requires": true,
	"dependencies": {
		"css-ui-dropdown-menu": {
			"version": "1.2.0",
			"resolved": "https://registry.npmjs.org/css-ui-dropdown-menu/-/css-ui-dropdown-menu-1.2.0.tgz",
			"integrity": "sha512-Mk7I2zyrQD0tmnJDOOGQVQoTc7PjWF40lKQ6wKeyPC63nBA8qZl5cV7s5/8s+bFtX7Z9DoXv3xk1MONqrtU4aQ==",
			"requires": {
				"css-ui-simple": "^2.5.1",
				"font-awesome": "^4.7.0",
				"jquery": "^3.3.1",
				"open-sans-fontface": "^1.4.0"
			}
		},
		"css-ui-responsive-menu": {
			"version": "3.1.3",
			"resolved": "https://registry.npmjs.org/css-ui-responsive-menu/-/css-ui-responsive-menu-3.1.3.tgz",
			"integrity": "sha512-1Z1kvLAEyfB9HSdEFvRkU2qcjDh7ZaCioKqoM78nm6+MlxKIwt9T2l3PD/uUFfxfiXgc+M6tZ71o66VQfBD+qg==",
			"requires": {
				"css-ui-simple": "^2.5.2",
				"font-awesome": "^4.7.0",
				"jquery": "^3.3.1",
				"open-sans-fontface": "^1.4.0",
				"perfect-scrollbar": "^1.4.0"
			}
		},
		"css-ui-simple": {
			"version": "2.5.2",
			"resolved": "https://registry.npmjs.org/css-ui-simple/-/css-ui-simple-2.5.2.tgz",
			"integrity": "sha512-3mVIvm6pFbaMKNbPPmEFg8xzFMXSfFOFcMGmNZtoEPFEziYZ4XIdDEAxemEaggQQ++B2OXV85BqMAOPtYbAazA==",
			"requires": {
				"normalize.css": "^8.0.1"
			}
		},
		"font-awesome": {
			"version": "4.7.0",
			"resolved": "https://registry.npmjs.org/font-awesome/-/font-awesome-4.7.0.tgz",
			"integrity": "sha1-j6jPBBGhoxr9B7BtKQK7n8gVoTM="
		},
		"jquery": {
			"version": "3.3.1",
			"resolved": "https://registry.npmjs.org/jquery/-/jquery-3.3.1.tgz",
			"integrity": "sha512-Ubldcmxp5np52/ENotGxlLe6aGMvmF4R8S6tZjsP6Knsaxd/xp3Zrh50cG93lR6nPXyUFwzN3ZSOQI0wRJNdGg=="
		},
		"nanobar": {
			"version": "0.4.2",
			"resolved": "https://registry.npmjs.org/nanobar/-/nanobar-0.4.2.tgz",
			"integrity": "sha1-AcUS5sZi44ViaU9k5KiKJTcy9I8="
		},
		"normalize.css": {
			"version": "8.0.1",
			"resolved": "https://registry.npmjs.org/normalize.css/-/normalize.css-8.0.1.tgz",
			"integrity": "sha512-qizSNPO93t1YUuUhP22btGOo3chcvDFqFaj2TRybP0DMxkHOCTYwp3n34fel4a31ORXy4m1Xq0Gyqpb5m33qIg=="
		},
		"open-sans-fontface": {
			"version": "1.4.0",
			"resolved": "https://registry.npmjs.org/open-sans-fontface/-/open-sans-fontface-1.4.0.tgz",
			"integrity": "sha1-A8xtG/XmqLW0eRCIhWL3IsXdNCg="
		},
		"perfect-scrollbar": {
			"version": "1.4.0",
			"resolved": "https://registry.npmjs.org/perfect-scrollbar/-/perfect-scrollbar-1.4.0.tgz",
			"integrity": "sha512-/2Sk/khljhdrsamjJYS5NjrH+GKEHEwh7zFSiYyxROyYKagkE4kSn2zDQDRTOMo8mpT2jikxx6yI1dG7lNP/hw=="
		}
	}
}
